
Microsoft Visual Studio Solution File, Format Version 12.00
# Visual Studio 14
VisualStudioVersion = 14.0.25420.1
MinimumVisualStudioVersion = 10.0.40219.1
Project("{FAE04EC0-301F-11D3-BF4B-00C04F79EFBC}") = "contact_Registery", "contact_Registery\contact_Registery.csproj", "{76E9D50A-F407-42B4-BA86-10E6C0285F67}"
EndProject
Global
	GlobalSection(SolutionConfigurationPlatforms) = preSolution
		Debug|Any CPU = Debug|Any CPU
		Release|Any CPU = Release|Any CPU
	EndGlobalSection
	GlobalSection(ProjectConfigurationPlatforms) = postSolution
		{76E9D50A-F407-42B4-BA86-10E6C0285F67}.Debug|Any CPU.ActiveCfg = Debug|Any CPU
		{76E9D50A-F407-42B4-BA86-10E6C0285F67}.Debug|Any CPU.Build.0 = Debug|Any CPU
		{76E9D50A-F407-42B4-BA86-10E6C0285F67}.Release|Any CPU.ActiveCfg = Release|Any CPU
		{76E9D50A-F407-42B4-BA86-10E6C0285F67}.Release|Any CPU.Build.0 = Release|Any CPU
	EndGlobalSection
	GlobalSection(SolutionProperties) = preSolution
		HideSolutionNode = FALSE
	EndGlobalSection
EndGlobal
